
Microsoft Visual Studio Solution File, Format Version 12.00
# Visual Studio 15
VisualStudioVersion = 15.0.28307.1231
MinimumVisualStudioVersion = 10.0.40219.1
Project("{D2ABAB84-BF74-430A-B69E-9DC6D40DDA17}") = "Fase2_201408486_SSAS", "Fase2_201408486_SSAS\Fase2_201408486_SSAS.dwproj", "{63CB19FD-CB56-4E05-A850-DFA77FE0A6A1}"
EndProject
Global
	GlobalSection(SolutionConfigurationPlatforms) = preSolution
		Development|Default = Development|Default
	EndGlobalSection
	GlobalSection(ProjectConfigurationPlatforms) = postSolution
		{63CB19FD-CB56-4E05-A850-DFA77FE0A6A1}.Development|Default.ActiveCfg = Development
		{63CB19FD-CB56-4E05-A850-DFA77FE0A6A1}.Development|Default.Build.0 = Development
		{63CB19FD-CB56-4E05-A850-DFA77FE0A6A1}.Development|Default.Deploy.0 = Development
	EndGlobalSection
	GlobalSection(SolutionProperties) = preSolution
		HideSolutionNode = FALSE
	EndGlobalSection
	GlobalSection(ExtensibilityGlobals) = postSolution
		SolutionGuid = {20FB28FF-F408-43FB-9659-F01E4CABDBC5}
	EndGlobalSection
EndGlobal
